
Microsoft Visual Studio Solution File, Format Version 12.00
# Visual Studio Version 17
VisualStudioVersion = 17.8.34525.116
MinimumVisualStudioVersion = 10.0.40219.1
Project("{FAE04EC0-301F-11D3-BF4B-00C04F79EFBC}") = "OpenCV_SimpleBlobDetectorTester", "OpenCV_SimpleBlobDetectorTester.csproj", "{9AA44C06-7494-454A-8DA4-2F744B880C52}"
EndProject
Global
	GlobalSection(SolutionConfigurationPlatforms) = preSolution
		Debug|Any CPU = Debug|Any CPU
		Release|Any CPU = Release|Any CPU
	EndGlobalSection
	GlobalSection(ProjectConfigurationPlatforms) = postSolution
		{9AA44C06-7494-454A-8DA4-2F744B880C52}.Debug|Any CPU.ActiveCfg = Debug|Any CPU
		{9AA44C06-7494-454A-8DA4-2F744B880C52}.Debug|Any CPU.Build.0 = Debug|Any CPU
		{9AA44C06-7494-454A-8DA4-2F744B880C52}.Release|Any CPU.ActiveCfg = Release|Any CPU
		{9AA44C06-7494-454A-8DA4-2F744B880C52}.Release|Any CPU.Build.0 = Release|Any CPU
	EndGlobalSection
	GlobalSection(SolutionProperties) = preSolution
		HideSolutionNode = FALSE
	EndGlobalSection
	GlobalSection(ExtensibilityGlobals) = postSolution
		SolutionGuid = {6FD41B58-C81F-4ED7-8FF8-A11AB5F974AD}
	EndGlobalSection
EndGlobal
